
Microsoft Visual Studio Solution File, Format Version 12.00
# Visual Studio Version 17
VisualStudioVersion = 17.9.34728.123
MinimumVisualStudioVersion = 10.0.40219.1
Project("{FAE04EC0-301F-11D3-BF4B-00C04F79EFBC}") = "ClientOnWindows", "ClientOnWindows\ClientOnWindows.csproj", "{344C29CE-8F5E-42E5-86D8-A05EC462C023}"
EndProject
Global
	GlobalSection(SolutionConfigurationPlatforms) = preSolution
		Debug|Any CPU = Debug|Any CPU
		Release|Any CPU = Release|Any CPU
	EndGlobalSection
	GlobalSection(ProjectConfigurationPlatforms) = postSolution
		{344C29CE-8F5E-42E5-86D8-A05EC462C023}.Debug|Any CPU.ActiveCfg = Debug|Any CPU
		{344C29CE-8F5E-42E5-86D8-A05EC462C023}.Debug|Any CPU.Build.0 = Debug|Any CPU
		{344C29CE-8F5E-42E5-86D8-A05EC462C023}.Release|Any CPU.ActiveCfg = Release|Any CPU
		{344C29CE-8F5E-42E5-86D8-A05EC462C023}.Release|Any CPU.Build.0 = Release|Any CPU
	EndGlobalSection
	GlobalSection(SolutionProperties) = preSolution
		HideSolutionNode = FALSE
	EndGlobalSection
	GlobalSection(ExtensibilityGlobals) = postSolution
		SolutionGuid = {166193A1-DEBC-4568-BF0F-AE138C331B89}
	EndGlobalSection
EndGlobal
